{
  "nodes": {
    "mediatek-mt7927-dkms": {
      "flake": false,
      "locked": {
        "lastModified": 1782427454,
        "narHash": "sha256-jyFdqvBHrARDwPxBv1rxiQj0LVAh2IF22oTIibLWmpI=",
        "owner": "jetm",
        "repo": "mediatek-mt7927-dkms",
        "rev": "341c875b57334683b2dd7d514df55a350278944c",
        "type": "github"
      },
      "original": {
        "owner": "jetm",
        "repo": "mediatek-mt7927-dkms",
        "type": "github"
      }
    },
    "nixpkgs": {
      "locked": {
        "lastModified": 1782467914,
        "narHash": "sha256-pGvFkM8N0xEkIIXDe5YYfbEAvHrk4IxBrjB/x8OomhE=",
        "owner": "NixOS",
        "repo": "nixpkgs",
        "rev": "e73de5be04e0eff4190a1432b946d469c794e7b4",
        "type": "github"
      },
      "original": {
        "owner": "NixOS",
        "ref": "nixos-unstable",
        "repo": "nixpkgs",
        "type": "github"
      }
    },
    "root": {
      "inputs": {
        "mediatek-mt7927-dkms": "mediatek-mt7927-dkms",
        "nixpkgs": "nixpkgs"
      }
    }
  },
  "root": "root",
  "version": 7
}
